
Microsoft Visual Studio Solution File, Format Version 12.00
# Visual Studio Express 2012 for Windows Desktop
Project("{FAE04EC0-301F-11D3-BF4B-00C04F79EFBC}") = "RKERP", "erppp\RKERP.csproj", "{CA8FEB40-5F4E-48B6-A539-E7E1265BE9FE}"
EndProject
Global
	GlobalSection(SolutionConfigurationPlatforms) = preSolution
		Debug|Any CPU = Debug|Any CPU
		Release|Any CPU = Release|Any CPU
	EndGlobalSection
	GlobalSection(ProjectConfigurationPlatforms) = postSolution
		{CA8FEB40-5F4E-48B6-A539-E7E1265BE9FE}.Debug|Any CPU.ActiveCfg = Debug|Any CPU
		{CA8FEB40-5F4E-48B6-A539-E7E1265BE9FE}.Debug|Any CPU.Build.0 = Debug|Any CPU
		{CA8FEB40-5F4E-48B6-A539-E7E1265BE9FE}.Release|Any CPU.ActiveCfg = Release|Any CPU
		{CA8FEB40-5F4E-48B6-A539-E7E1265BE9FE}.Release|Any CPU.Build.0 = Release|Any CPU
	EndGlobalSection
	GlobalSection(SolutionProperties) = preSolution
		HideSolutionNode = FALSE
	EndGlobalSection
EndGlobal
